
Microsoft Visual Studio Solution File, Format Version 12.00
# Visual Studio Version 17
VisualStudioVersion = 17.10.35122.118
MinimumVisualStudioVersion = 10.0.40219.1
Project("{FAE04EC0-301F-11D3-BF4B-00C04F79EFBC}") = "EmployeeCrudAPI", "EmployeeCrudAPI\EmployeeCrudAPI.csproj", "{DC5F0E82-1AD0-4CC2-BF74-A64AEBD9DA02}"
EndProject
Global
	GlobalSection(SolutionConfigurationPlatforms) = preSolution
		Debug|Any CPU = Debug|Any CPU
		Release|Any CPU = Release|Any CPU
	EndGlobalSection
	GlobalSection(ProjectConfigurationPlatforms) = postSolution
		{DC5F0E82-1AD0-4CC2-BF74-A64AEBD9DA02}.Debug|Any CPU.ActiveCfg = Debug|Any CPU
		{DC5F0E82-1AD0-4CC2-BF74-A64AEBD9DA02}.Debug|Any CPU.Build.0 = Debug|Any CPU
		{DC5F0E82-1AD0-4CC2-BF74-A64AEBD9DA02}.Release|Any CPU.ActiveCfg = Release|Any CPU
		{DC5F0E82-1AD0-4CC2-BF74-A64AEBD9DA02}.Release|Any CPU.Build.0 = Release|Any CPU
	EndGlobalSection
	GlobalSection(SolutionProperties) = preSolution
		HideSolutionNode = FALSE
	EndGlobalSection
	GlobalSection(ExtensibilityGlobals) = postSolution
		SolutionGuid = {A827312E-6BAE-445E-9598-34C32F31DC36}
	EndGlobalSection
EndGlobal
